
Microsoft Visual Studio Solution File, Format Version 12.00
# Visual Studio Version 17
VisualStudioVersion = 17.4.33213.308
MinimumVisualStudioVersion = 10.0.40219.1
Project("{FAE04EC0-301F-11D3-BF4B-00C04F79EFBC}") = "FileReader_From_Folder", "FileReader_From_Folder\FileReader_From_Folder.csproj", "{DCBBE09C-C0CF-4538-8DF2-2C3D3C58094C}"
EndProject
Global
	GlobalSection(SolutionConfigurationPlatforms) = preSolution
		Debug|Any CPU = Debug|Any CPU
		Release|Any CPU = Release|Any CPU
	EndGlobalSection
	GlobalSection(ProjectConfigurationPlatforms) = postSolution
		{DCBBE09C-C0CF-4538-8DF2-2C3D3C58094C}.Debug|Any CPU.ActiveCfg = Debug|Any CPU
		{DCBBE09C-C0CF-4538-8DF2-2C3D3C58094C}.Debug|Any CPU.Build.0 = Debug|Any CPU
		{DCBBE09C-C0CF-4538-8DF2-2C3D3C58094C}.Release|Any CPU.ActiveCfg = Release|Any CPU
		{DCBBE09C-C0CF-4538-8DF2-2C3D3C58094C}.Release|Any CPU.Build.0 = Release|Any CPU
	EndGlobalSection
	GlobalSection(SolutionProperties) = preSolution
		HideSolutionNode = FALSE
	EndGlobalSection
	GlobalSection(ExtensibilityGlobals) = postSolution
		SolutionGuid = {82428ADE-ED92-4A23-A3E4-24DFA7614B3C}
	EndGlobalSection
EndGlobal
